
Microsoft Visual Studio Solution File, Format Version 12.00
# Visual Studio Version 17
VisualStudioVersion = 17.3.32929.385
MinimumVisualStudioVersion = 10.0.40219.1
Project("{FAE04EC0-301F-11D3-BF4B-00C04F79EFBC}") = "PredatorPrey", "PredatorPrey.csproj", "{6DD0C940-9995-483A-BA55-C8FBF257A225}"
EndProject
Global
	GlobalSection(SolutionConfigurationPlatforms) = preSolution
		Debug|Any CPU = Debug|Any CPU
		Release|Any CPU = Release|Any CPU
	EndGlobalSection
	GlobalSection(ProjectConfigurationPlatforms) = postSolution
		{6DD0C940-9995-483A-BA55-C8FBF257A225}.Debug|Any CPU.ActiveCfg = Debug|Any CPU
		{6DD0C940-9995-483A-BA55-C8FBF257A225}.Debug|Any CPU.Build.0 = Debug|Any CPU
		{6DD0C940-9995-483A-BA55-C8FBF257A225}.Release|Any CPU.ActiveCfg = Release|Any CPU
		{6DD0C940-9995-483A-BA55-C8FBF257A225}.Release|Any CPU.Build.0 = Release|Any CPU
	EndGlobalSection
	GlobalSection(SolutionProperties) = preSolution
		HideSolutionNode = FALSE
	EndGlobalSection
	GlobalSection(ExtensibilityGlobals) = postSolution
		SolutionGuid = {73E97B79-AF20-44B4-BBE1-077C8DDBDF43}
	EndGlobalSection
EndGlobal
